{
  "name": "memos",
  "lockfileVersion": 3,
  "requires": true,
  "packages": {
    "": {
      "dependencies": {
        "vditor": "^3.9.0"
      }
    },
    "node_modules/diff-match-patch": {
      "version": "1.0.5",
      "resolved": "https://registry.npmjs.org/diff-match-patch/-/diff-match-patch-1.0.5.tgz",
      "integrity": "sha512-IayShXAgj/QMXgB0IWmKx+rOPuGMhqm5w6jvFxmVenXKIzRqTAAsbBPT3kWQeGANj3jGgvcvv4yK6SxqYmikgw=="
    },
    "node_modules/vditor": {
      "version": "3.9.0",
      "resolved": "https://registry.npmjs.org/vditor/-/vditor-3.9.0.tgz",
      "integrity": "sha512-CLLtrexUY/LGN1Lp1iu242Uq9GuNP98UTXFRY9hjTNFkpVH9L4M3jrQ9yIZ711zYwsl78GxKeskuU7WieA96ow==",
      "dependencies": {
        "diff-match-patch": "^1.0.5"
      },
      "funding": {
        "url": "https://ld246.com/sponsor"
      }
    }
  }
}
