# Generated by buf. DO NOT EDIT.
version: v1
deps:
  - remote: buf.build
    owner: googleapis
    repository: googleapis
    commit: 711e289f6a384c4caeebaff7c6931ade
    digest: shake256:e08fb55dad7469f69df00304eed31427d2d1576e9aab31e6bf86642688e04caaf0372f15fe6974cf79432779a635b3ea401ca69c943976dc42749524e4c25d94
  - remote: buf.build
    owner: grpc-ecosystem
    repository: grpc-gateway
    commit: fed2dcdcfd694403ad51cd3c94957830
    digest: shake256:ed076a21e3d772892fc465ced0e4dd50f9dba86fdd4473920eaa25efa4807644e8e021be423dcfcee74bf4242e7e57422393f9b1abb10acb18ea1a5df509bb19
