# Generated by buf. DO NOT EDIT.
version: v1
deps:
  - remote: buf.build
    owner: googleapis
    repository: googleapis
    commit: a86849a25cc04f4dbe9b15ddddfbc488
    digest: shake256:e19143328f8cbfe13fc226aeee5e63773ca494693a72740a7560664270039a380d94a1344234b88c7691311460df9a9b1c2982190d0a2612eae80368718e1943
  - remote: buf.build
    owner: grpc-ecosystem
    repository: grpc-gateway
    commit: 3f42134f4c564983838425bc43c7a65f
    digest: shake256:3d11d4c0fe5e05fda0131afefbce233940e27f0c31c5d4e385686aea58ccd30f72053f61af432fa83f1fc11cda57f5f18ca3da26a29064f73c5a0d076bba8d92
