# Generated by buf. DO NOT EDIT.
version: v2
deps:
  - name: buf.build/googleapis/googleapis
    commit: a86849a25cc04f4dbe9b15ddddfbc488
    digest: b5:a77a2082c596ee6800a23d8cecd021d316eb10565d6cb94532f2d7c567fe6c9a177b5bb123b51a3acb4f1f18d4f54a6da883afcb682919a137a8a37c020509a2
  - name: buf.build/grpc-ecosystem/grpc-gateway
    commit: 3f42134f4c564983838425bc43c7a65f
    digest: b5:291b947d8ac09492517557e4e72e294788cb8201afc7d0df7bda80fa10931adb60d4d669208a7696bf24f1ecb2a33a16d4c1e766e6f31809248b00343119569b
